
Microsoft Visual Studio Solution File, Format Version 12.00
# Visual Studio 15
VisualStudioVersion = 15.0.27428.2027
MinimumVisualStudioVersion = 10.0.40219.1
Project("{FAE04EC0-301F-11D3-BF4B-00C04F79EFBC}") = "TestVideoRecord.Android", "TestVideoRecord\TestVideoRecord.Android\TestVideoRecord.Android.csproj", "{D93A9D37-3030-49A5-8803-A6BD17877447}"
EndProject
Project("{FAE04EC0-301F-11D3-BF4B-00C04F79EFBC}") = "TestVideoRecord.iOS", "TestVideoRecord\TestVideoRecord.iOS\TestVideoRecord.iOS.csproj", "{7D065C07-3D2A-40CB-B791-CF9C56863D09}"
EndProject
Project("{D954291E-2A0B-460D-934E-DC6B0785DB48}") = "TestVideoRecord", "TestVideoRecord\TestVideoRecord\TestVideoRecord.shproj", "{395FB469-99D9-4244-8D3D-4B9478D6EC11}"
EndProject
Global
	GlobalSection(SharedMSBuildProjectFiles) = preSolution
		TestVideoRecord\TestVideoRecord\TestVideoRecord.projitems*{395fb469-99d9-4244-8d3d-4b9478d6ec11}*SharedItemsImports = 13
		TestVideoRecord\TestVideoRecord\TestVideoRecord.projitems*{7d065c07-3d2a-40cb-b791-cf9c56863d09}*SharedItemsImports = 4
		TestVideoRecord\TestVideoRecord\TestVideoRecord.projitems*{d93a9d37-3030-49a5-8803-a6bd17877447}*SharedItemsImports = 4
	EndGlobalSection
	GlobalSection(SolutionConfigurationPlatforms) = preSolution
		Ad-Hoc|Any CPU = Ad-Hoc|Any CPU
		Ad-Hoc|iPhone = Ad-Hoc|iPhone
		Ad-Hoc|iPhoneSimulator = Ad-Hoc|iPhoneSimulator
		AppStore|Any CPU = AppStore|Any CPU
		AppStore|iPhone = AppStore|iPhone
		AppStore|iPhoneSimulator = AppStore|iPhoneSimulator
		Debug|Any CPU = Debug|Any CPU
		Debug|iPhone = Debug|iPhone
		Debug|iPhoneSimulator = Debug|iPhoneSimulator
		Release|Any CPU = Release|Any CPU
		Release|iPhone = Release|iPhone
		Release|iPhoneSimulator = Release|iPhoneSimulator
	EndGlobalSection
	GlobalSection(ProjectConfigurationPlatforms) = postSolution
		{D93A9D37-3030-49A5-8803-A6BD17877447}.Ad-Hoc|Any CPU.ActiveCfg = Release|Any CPU
		{D93A9D37-3030-49A5-8803-A6BD17877447}.Ad-Hoc|Any CPU.Build.0 = Release|Any CPU
		{D93A9D37-3030-49A5-8803-A6BD17877447}.Ad-Hoc|Any CPU.Deploy.0 = Release|Any CPU
		{D93A9D37-3030-49A5-8803-A6BD17877447}.Ad-Hoc|iPhone.ActiveCfg = Release|Any CPU
		{D93A9D37-3030-49A5-8803-A6BD17877447}.Ad-Hoc|iPhone.Build.0 = Release|Any CPU
		{D93A9D37-3030-49A5-8803-A6BD17877447}.Ad-Hoc|iPhone.Deploy.0 = Release|Any CPU
		{D93A9D37-3030-49A5-8803-A6BD17877447}.Ad-Hoc|iPhoneSimulator.ActiveCfg = Release|Any CPU
		{D93A9D37-3030-49A5-8803-A6BD17877447}.Ad-Hoc|iPhoneSimulator.Build.0 = Release|Any CPU
		{D93A9D37-3030-49A5-8803-A6BD17877447}.Ad-Hoc|iPhoneSimulator.Deploy.0 = Release|Any CPU
		{D93A9D37-3030-49A5-8803-A6BD17877447}.AppStore|Any CPU.ActiveCfg = Release|Any CPU
		{D93A9D37-3030-49A5-8803-A6BD17877447}.AppStore|Any CPU.Build.0 = Release|Any CPU
		{D93A9D37-3030-49A5-8803-A6BD17877447}.AppStore|Any CPU.Deploy.0 = Release|Any CPU
		{D93A9D37-3030-49A5-8803-A6BD17877447}.AppStore|iPhone.ActiveCfg = Release|Any CPU
		{D93A9D37-3030-49A5-8803-A6BD17877447}.AppStore|iPhone.Build.0 = Release|Any CPU
		{D93A9D37-3030-49A5-8803-A6BD17877447}.AppStore|iPhone.Deploy.0 = Release|Any CPU
		{D93A9D37-3030-49A5-8803-A6BD17877447}.AppStore|iPhoneSimulator.ActiveCfg = Release|Any CPU
		{D93A9D37-3030-49A5-8803-A6BD17877447}.AppStore|iPhoneSimulator.Build.0 = Release|Any CPU
		{D93A9D37-3030-49A5-8803-A6BD17877447}.AppStore|iPhoneSimulator.Deploy.0 = Release|Any CPU
		{D93A9D37-3030-49A5-8803-A6BD17877447}.Debug|Any CPU.ActiveCfg = Debug|Any CPU
		{D93A9D37-3030-49A5-8803-A6BD17877447}.Debug|Any CPU.Build.0 = Debug|Any CPU
		{D93A9D37-3030-49A5-8803-A6BD17877447}.Debug|Any CPU.Deploy.0 = Debug|Any CPU
		{D93A9D37-3030-49A5-8803-A6BD17877447}.Debug|iPhone.ActiveCfg = Debug|Any CPU
		{D93A9D37-3030-49A5-8803-A6BD17877447}.Debug|iPhone.Build.0 = Debug|Any CPU
		{D93A9D37-3030-49A5-8803-A6BD17877447}.Debug|iPhone.Deploy.0 = Debug|Any CPU
		{D93A9D37-3030-49A5-8803-A6BD17877447}.Debug|iPhoneSimulator.ActiveCfg = Debug|Any CPU
		{D93A9D37-3030-49A5-8803-A6BD17877447}.Debug|iPhoneSimulator.Build.0 = Debug|Any CPU
		{D93A9D37-3030-49A5-8803-A6BD17877447}.Debug|iPhoneSimulator.Deploy.0 = Debug|Any CPU
		{D93A9D37-3030-49A5-8803-A6BD17877447}.Release|Any CPU.ActiveCfg = Release|Any CPU
		{D93A9D37-3030-49A5-8803-A6BD17877447}.Release|Any CPU.Build.0 = Release|Any CPU
		{D93A9D37-3030-49A5-8803-A6BD17877447}.Release|Any CPU.Deploy.0 = Release|Any CPU
		{D93A9D37-3030-49A5-8803-A6BD17877447}.Release|iPhone.ActiveCfg = Release|Any CPU
		{D93A9D37-3030-49A5-8803-A6BD17877447}.Release|iPhone.Build.0 = Release|Any CPU
		{D93A9D37-3030-49A5-8803-A6BD17877447}.Release|iPhone.Deploy.0 = Release|Any CPU
		{D93A9D37-3030-49A5-8803-A6BD17877447}.Release|iPhoneSimulator.ActiveCfg = Release|Any CPU
		{D93A9D37-3030-49A5-8803-A6BD17877447}.Release|iPhoneSimulator.Build.0 = Release|Any CPU
		{D93A9D37-3030-49A5-8803-A6BD17877447}.Release|iPhoneSimulator.Deploy.0 = Release|Any CPU
		{7D065C07-3D2A-40CB-B791-CF9C56863D09}.Ad-Hoc|Any CPU.ActiveCfg = Ad-Hoc|iPhone
		{7D065C07-3D2A-40CB-B791-CF9C56863D09}.Ad-Hoc|iPhone.ActiveCfg = Ad-Hoc|iPhone
		{7D065C07-3D2A-40CB-B791-CF9C56863D09}.Ad-Hoc|iPhone.Build.0 = Ad-Hoc|iPhone
		{7D065C07-3D2A-40CB-B791-CF9C56863D09}.Ad-Hoc|iPhoneSimulator.ActiveCfg = Ad-Hoc|iPhoneSimulator
		{7D065C07-3D2A-40CB-B791-CF9C56863D09}.Ad-Hoc|iPhoneSimulator.Build.0 = Ad-Hoc|iPhoneSimulator
		{7D065C07-3D2A-40CB-B791-CF9C56863D09}.AppStore|Any CPU.ActiveCfg = AppStore|iPhone
		{7D065C07-3D2A-40CB-B791-CF9C56863D09}.AppStore|iPhone.ActiveCfg = AppStore|iPhone
		{7D065C07-3D2A-40CB-B791-CF9C56863D09}.AppStore|iPhone.Build.0 = AppStore|iPhone
		{7D065C07-3D2A-40CB-B791-CF9C56863D09}.AppStore|iPhoneSimulator.ActiveCfg = AppStore|iPhoneSimulator
		{7D065C07-3D2A-40CB-B791-CF9C56863D09}.AppStore|iPhoneSimulator.Build.0 = AppStore|iPhoneSimulator
		{7D065C07-3D2A-40CB-B791-CF9C56863D09}.Debug|Any CPU.ActiveCfg = Debug|iPhone
		{7D065C07-3D2A-40CB-B791-CF9C56863D09}.Debug|iPhone.ActiveCfg = Debug|iPhone
		{7D065C07-3D2A-40CB-B791-CF9C56863D09}.Debug|iPhone.Build.0 = Debug|iPhone
		{7D065C07-3D2A-40CB-B791-CF9C56863D09}.Debug|iPhoneSimulator.ActiveCfg = Debug|iPhoneSimulator
		{7D065C07-3D2A-40CB-B791-CF9C56863D09}.Debug|iPhoneSimulator.Build.0 = Debug|iPhoneSimulator
		{7D065C07-3D2A-40CB-B791-CF9C56863D09}.Release|Any CPU.ActiveCfg = Release|iPhone
		{7D065C07-3D2A-40CB-B791-CF9C56863D09}.Release|iPhone.ActiveCfg = Release|iPhone
		{7D065C07-3D2A-40CB-B791-CF9C56863D09}.Release|iPhone.Build.0 = Release|iPhone
		{7D065C07-3D2A-40CB-B791-CF9C56863D09}.Release|iPhoneSimulator.ActiveCfg = Release|iPhoneSimulator
		{7D065C07-3D2A-40CB-B791-CF9C56863D09}.Release|iPhoneSimulator.Build.0 = Release|iPhoneSimulator
	EndGlobalSection
	GlobalSection(SolutionProperties) = preSolution
		HideSolutionNode = FALSE
	EndGlobalSection
	GlobalSection(ExtensibilityGlobals) = postSolution
		SolutionGuid = {A4218138-6466-43AD-BD9A-80E9D4D150D0}
	EndGlobalSection
EndGlobal
